
Microsoft Visual Studio Solution File, Format Version 12.00
# Visual Studio Version 17
VisualStudioVersion = 17.13.35825.156 d17.13
MinimumVisualStudioVersion = 10.0.40219.1
Project("{FAE04EC0-301F-11D3-BF4B-00C04F79EFBC}") = "Seminar1SGBD", "Seminar1SGBD.csproj", "{90453ED7-3E6C-4096-A077-44F11FE6BBB0}"
EndProject
Global
	GlobalSection(SolutionConfigurationPlatforms) = preSolution
		Debug|Any CPU = Debug|Any CPU
		Release|Any CPU = Release|Any CPU
	EndGlobalSection
	GlobalSection(ProjectConfigurationPlatforms) = postSolution
		{90453ED7-3E6C-4096-A077-44F11FE6BBB0}.Debug|Any CPU.ActiveCfg = Debug|Any CPU
		{90453ED7-3E6C-4096-A077-44F11FE6BBB0}.Debug|Any CPU.Build.0 = Debug|Any CPU
		{90453ED7-3E6C-4096-A077-44F11FE6BBB0}.Release|Any CPU.ActiveCfg = Release|Any CPU
		{90453ED7-3E6C-4096-A077-44F11FE6BBB0}.Release|Any CPU.Build.0 = Release|Any CPU
	EndGlobalSection
	GlobalSection(SolutionProperties) = preSolution
		HideSolutionNode = FALSE
	EndGlobalSection
	GlobalSection(ExtensibilityGlobals) = postSolution
		SolutionGuid = {2B34B715-E05F-41A1-AD7F-790DB349B02F}
	EndGlobalSection
EndGlobal
